
Microsoft Visual Studio Solution File, Format Version 12.00
# Visual Studio Version 16
VisualStudioVersion = 16.0.31702.278
MinimumVisualStudioVersion = 10.0.40219.1
Project("{FAE04EC0-301F-11D3-BF4B-00C04F79EFBC}") = "TUSUR Journal", "TUSUR Journal.csproj", "{06060C4A-90AF-4EA5-8A98-96FCACC8E14B}"
EndProject
Global
	GlobalSection(SolutionConfigurationPlatforms) = preSolution
		Debug|Any CPU = Debug|Any CPU
		Release|Any CPU = Release|Any CPU
	EndGlobalSection
	GlobalSection(ProjectConfigurationPlatforms) = postSolution
		{06060C4A-90AF-4EA5-8A98-96FCACC8E14B}.Debug|Any CPU.ActiveCfg = Debug|Any CPU
		{06060C4A-90AF-4EA5-8A98-96FCACC8E14B}.Debug|Any CPU.Build.0 = Debug|Any CPU
		{06060C4A-90AF-4EA5-8A98-96FCACC8E14B}.Release|Any CPU.ActiveCfg = Release|Any CPU
		{06060C4A-90AF-4EA5-8A98-96FCACC8E14B}.Release|Any CPU.Build.0 = Release|Any CPU
	EndGlobalSection
	GlobalSection(SolutionProperties) = preSolution
		HideSolutionNode = FALSE
	EndGlobalSection
	GlobalSection(ExtensibilityGlobals) = postSolution
		SolutionGuid = {5855576D-0F90-481A-8742-57129F5AD1C2}
	EndGlobalSection
EndGlobal
